
Microsoft Visual Studio Solution File, Format Version 12.00
# Visual Studio 15
VisualStudioVersion = 15.0.27428.2037
MinimumVisualStudioVersion = 10.0.40219.1
Project("{9A19103F-16F7-4668-BE54-9A1E7A4F7556}") = "AlexaSample", "AlexaSample\AlexaSample.csproj", "{D9B00D87-0FF3-4AEF-AB0A-F2AB186FCDA4}"
EndProject
Global
	GlobalSection(SolutionConfigurationPlatforms) = preSolution
		Debug|Any CPU = Debug|Any CPU
		Release|Any CPU = Release|Any CPU
	EndGlobalSection
	GlobalSection(ProjectConfigurationPlatforms) = postSolution
		{D9B00D87-0FF3-4AEF-AB0A-F2AB186FCDA4}.Debug|Any CPU.ActiveCfg = Debug|Any CPU
		{D9B00D87-0FF3-4AEF-AB0A-F2AB186FCDA4}.Debug|Any CPU.Build.0 = Debug|Any CPU
		{D9B00D87-0FF3-4AEF-AB0A-F2AB186FCDA4}.Release|Any CPU.ActiveCfg = Release|Any CPU
		{D9B00D87-0FF3-4AEF-AB0A-F2AB186FCDA4}.Release|Any CPU.Build.0 = Release|Any CPU
	EndGlobalSection
	GlobalSection(SolutionProperties) = preSolution
		HideSolutionNode = FALSE
	EndGlobalSection
	GlobalSection(ExtensibilityGlobals) = postSolution
		SolutionGuid = {3C2F6F44-7A70-4524-A889-1FCD0669863D}
	EndGlobalSection
EndGlobal
